
Microsoft Visual Studio Solution File, Format Version 12.00
# Visual Studio 2012
Project("{E24C65DC-7377-472B-9ABA-BC803B73C61A}") = "landrupdans", ".", "{DC88F62B-AAD0-4CC2-8BC6-0072FDC99F64}"
	ProjectSection(WebsiteProperties) = preProject
		TargetFrameworkMoniker = ".NETFramework,Version%3Dv4.5"
		Debug.AspNetCompiler.VirtualPath = "/landrupdans"
		Debug.AspNetCompiler.PhysicalPath = "..\landrupdans\"
		Debug.AspNetCompiler.TargetPath = "PrecompiledWeb\landrupdans\"
		Debug.AspNetCompiler.Updateable = "true"
		Debug.AspNetCompiler.ForceOverwrite = "true"
		Debug.AspNetCompiler.FixedNames = "false"
		Debug.AspNetCompiler.Debug = "True"
		Release.AspNetCompiler.VirtualPath = "/landrupdans"
		Release.AspNetCompiler.PhysicalPath = "..\landrupdans\"
		Release.AspNetCompiler.TargetPath = "PrecompiledWeb\landrupdans\"
		Release.AspNetCompiler.Updateable = "true"
		Release.AspNetCompiler.ForceOverwrite = "true"
		Release.AspNetCompiler.FixedNames = "false"
		Release.AspNetCompiler.Debug = "False"
		VWDPort = "27768"
	EndProjectSection
EndProject
Global
	GlobalSection(SolutionConfigurationPlatforms) = preSolution
		Debug|Any CPU = Debug|Any CPU
	EndGlobalSection
	GlobalSection(ProjectConfigurationPlatforms) = postSolution
		{DC88F62B-AAD0-4CC2-8BC6-0072FDC99F64}.Debug|Any CPU.ActiveCfg = Debug|Any CPU
		{DC88F62B-AAD0-4CC2-8BC6-0072FDC99F64}.Debug|Any CPU.Build.0 = Debug|Any CPU
	EndGlobalSection
	GlobalSection(SolutionProperties) = preSolution
		HideSolutionNode = FALSE
	EndGlobalSection
EndGlobal
